// !$*UTF8*$!
{
	archiveVersion = 1;
	classes = {
	};
	objectVersion = 46;
	objects = {

/* Begin PBXBuildFile section */
		0F31FABF1CB0192C005C5DE0 /* main.m in Sources */ = {isa = PBXBuildFile; fileRef = 0F31FABE1CB0192C005C5DE0 /* main.m */; };
		0F31FAC21CB0192C005C5DE0 /* AppDelegate.m in Sources */ = {isa = PBXBuildFile; fileRef = 0F31FAC11CB0192C005C5DE0 /* AppDelegate.m */; };
		0F31FAC51CB0192C005C5DE0 /* ViewController.m in Sources */ = {isa = PBXBuildFile; fileRef = 0F31FAC41CB0192C005C5DE0 /* ViewController.m */; };
		0F31FAC81CB0192C005C5DE0 /* Main.storyboard in Resources */ = {isa = PBXBuildFile; fileRef = 0F31FAC61CB0192C005C5DE0 /* Main.storyboard */; };
		0F31FACA1CB0192C005C5DE0 /* Assets.xcassets in Resources */ = {isa = PBXBuildFile; fileRef = 0F31FAC91CB0192C005C5DE0 /* Assets.xcassets */; };
		0F31FACD1CB0192C005C5DE0 /* LaunchScreen.storyboard in Resources */ = {isa = PBXBuildFile; fileRef = 0F31FACB1CB0192C005C5DE0 /* LaunchScreen.storyboard */; };
		0F31FAE21CB11F7E005C5DE0 /* MYInfiniteScrollView.m in Sources */ = {isa = PBXBuildFile; fileRef = 0F31FAE11CB11F7E005C5DE0 /* MYInfiniteScrollView.m */; };
/* End PBXBuildFile section */

/* Begin PBXFileReference section */
		0F31FABA1CB0192C005C5DE0 /* 无限滚动(UIScrollView).app */ = {isa = PBXFileReference; explicitFileType = wrapper.application; includeInIndex = 0; path = "无限滚动(UIScrollView).app"; sourceTree = BUILT_PRODUCTS_DIR; };
		0F31FABE1CB0192C005C5DE0 /* main.m */ = {isa = PBXFileReference; lastKnownFileType = sourcecode.c.objc; path = main.m; sourceTree = "<group>"; };
		0F31FAC01CB0192C005C5DE0 /* AppDelegate.h */ = {isa = PBXFileReference; lastKnownFileType = sourcecode.c.h; path = AppDelegate.h; sourceTree = "<group>"; };
		0F31FAC11CB0192C005C5DE0 /* AppDelegate.m */ = {isa = PBXFileReference; lastKnownFileType = sourcecode.c.objc; path = AppDelegate.m; sourceTree = "<group>"; };
		0F31FAC31CB0192C005C5DE0 /* ViewController.h */ = {isa = PBXFileReference; lastKnownFileType = sourcecode.c.h; path = ViewController.h; sourceTree = "<group>"; };
		0F31FAC41CB0192C005C5DE0 /* ViewController.m */ = {isa = PBXFileReference; lastKnownFileType = sourcecode.c.objc; path = ViewController.m; sourceTree = "<group>"; };
		0F31FAC71CB0192C005C5DE0 /* Base */ = {isa = PBXFileReference; lastKnownFileType = file.storyboard; name = Base; path = Base.lproj/Main.storyboard; sourceTree = "<group>"; };
		0F31FAC91CB0192C005C5DE0 /* Assets.xcassets */ = {isa = PBXFileReference; lastKnownFileType = folder.assetcatalog; path = Assets.xcassets; sourceTree = "<group>"; };
		0F31FACC1CB0192C005C5DE0 /* Base */ = {isa = PBXFileReference; lastKnownFileType = file.storyboard; name = Base; path = Base.lproj/LaunchScreen.storyboard; sourceTree = "<group>"; };
		0F31FACE1CB0192C005C5DE0 /* Info.plist */ = {isa = PBXFileReference; lastKnownFileType = text.plist.xml; path = Info.plist; sourceTree = "<group>"; };
		0F31FAE01CB11F7E005C5DE0 /* MYInfiniteScrollView.h */ = {isa = PBXFileReference; fileEncoding = 4; lastKnownFileType = sourcecode.c.h; path = MYInfiniteScrollView.h; sourceTree = "<group>"; };
		0F31FAE11CB11F7E005C5DE0 /* MYInfiniteScrollView.m */ = {isa = PBXFileReference; fileEncoding = 4; lastKnownFileType = sourcecode.c.objc; path = MYInfiniteScrollView.m; sourceTree = "<group>"; };
/* End PBXFileReference section */

/* Begin PBXFrameworksBuildPhase section */
		0F31FAB71CB0192C005C5DE0 /* Frameworks */ = {
			isa = PBXFrameworksBuildPhase;
			buildActionMask = 2147483647;
			files = (
			);
			runOnlyForDeploymentPostprocessing = 0;
		};
/* End PBXFrameworksBuildPhase section */

/* Begin PBXGroup section */
		0F31FAB11CB0192C005C5DE0 = {
			isa = PBXGroup;
			children = (
				0F31FABC1CB0192C005C5DE0 /* 无限滚动(UIScrollView) */,
				0F31FABB1CB0192C005C5DE0 /* Products */,
			);
			sourceTree = "<group>";
		};
		0F31FABB1CB0192C005C5DE0 /* Products */ = {
			isa = PBXGroup;
			children = (
				0F31FABA1CB0192C005C5DE0 /* 无限滚动(UIScrollView).app */,
			);
			name = Products;
			sourceTree = "<group>";
		};
		0F31FABC1CB0192C005C5DE0 /* 无限滚动(UIScrollView) */ = {
			isa = PBXGroup;
			children = (
				0F31FADF1CB11F7E005C5DE0 /* MYInfiniteScrollView */,
				0F31FAC01CB0192C005C5DE0 /* AppDelegate.h */,
				0F31FAC11CB0192C005C5DE0 /* AppDelegate.m */,
				0F31FAC31CB0192C005C5DE0 /* ViewController.h */,
				0F31FAC41CB0192C005C5DE0 /* ViewController.m */,
				0F31FAC61CB0192C005C5DE0 /* Main.storyboard */,
				0F31FAC91CB0192C005C5DE0 /* Assets.xcassets */,
				0F31FACB1CB0192C005C5DE0 /* LaunchScreen.storyboard */,
				0F31FACE1CB0192C005C5DE0 /* Info.plist */,
				0F31FABD1CB0192C005C5DE0 /* Supporting Files */,
			);
			path = "无限滚动(UIScrollView)";
			sourceTree = "<group>";
		};
		0F31FABD1CB0192C005C5DE0 /* Supporting Files */ = {
			isa = PBXGroup;
			children = (
				0F31FABE1CB0192C005C5DE0 /* main.m */,
			);
			name = "Supporting Files";
			sourceTree = "<group>";
		};
		0F31FADF1CB11F7E005C5DE0 /* MYInfiniteScrollView */ = {
			isa = PBXGroup;
			children = (
				0F31FAE01CB11F7E005C5DE0 /* MYInfiniteScrollView.h */,
				0F31FAE11CB11F7E005C5DE0 /* MYInfiniteScrollView.m */,
			);
			path = MYInfiniteScrollView;
			sourceTree = SOURCE_ROOT;
		};
/* End PBXGroup section */

/* Begin PBXNativeTarget section */
		0F31FAB91CB0192C005C5DE0 /* 无限滚动(UIScrollView) */ = {
			isa = PBXNativeTarget;
			buildConfigurationList = 0F31FAD11CB0192C005C5DE0 /* Build configuration list for PBXNativeTarget "无限滚动(UIScrollView)" */;
			buildPhases = (
				0F31FAB61CB0192C005C5DE0 /* Sources */,
				0F31FAB71CB0192C005C5DE0 /* Frameworks */,
				0F31FAB81CB0192C005C5DE0 /* Resources */,
			);
			buildRules = (
			);
			dependencies = (
			);
			name = "无限滚动(UIScrollView)";
			productName = "无限滚动(UIScrollView)";
			productReference = 0F31FABA1CB0192C005C5DE0 /* 无限滚动(UIScrollView).app */;
			productType = "com.apple.product-type.application";
		};
/* End PBXNativeTarget section */

/* Begin PBXProject section */
		0F31FAB21CB0192C005C5DE0 /* Project object */ = {
			isa = PBXProject;
			attributes = {
				LastUpgradeCheck = 0720;
				ORGANIZATIONNAME = "MY❤️mqq";
				TargetAttributes = {
					0F31FAB91CB0192C005C5DE0 = {
						CreatedOnToolsVersion = 7.2;
						DevelopmentTeam = YVNBU69VW4;
					};
				};
			};
			buildConfigurationList = 0F31FAB51CB0192C005C5DE0 /* Build configuration list for PBXProject "无限滚动(UIScrollView)" */;
			compatibilityVersion = "Xcode 3.2";
			developmentRegion = English;
			hasScannedForEncodings = 0;
			knownRegions = (
				en,
				Base,
			);
			mainGroup = 0F31FAB11CB0192C005C5DE0;
			productRefGroup = 0F31FABB1CB0192C005C5DE0 /* Products */;
			projectDirPath = "";
			projectRoot = "";
			targets = (
				0F31FAB91CB0192C005C5DE0 /* 无限滚动(UIScrollView) */,
			);
		};
/* End PBXProject section */

/* Begin PBXResourcesBuildPhase section */
		0F31FAB81CB0192C005C5DE0 /* Resources */ = {
			isa = PBXResourcesBuildPhase;
			buildActionMask = 2147483647;
			files = (
				0F31FACD1CB0192C005C5DE0 /* LaunchScreen.storyboard in Resources */,
				0F31FACA1CB0192C005C5DE0 /* Assets.xcassets in Resources */,
				0F31FAC81CB0192C005C5DE0 /* Main.storyboard in Resources */,
			);
			runOnlyForDeploymentPostprocessing = 0;
		};
/* End PBXResourcesBuildPhase section */

/* Begin PBXSourcesBuildPhase section */
		0F31FAB61CB0192C005C5DE0 /* Sources */ = {
			isa = PBXSourcesBuildPhase;
			buildActionMask = 2147483647;
			files = (
				0F31FAC51CB0192C005C5DE0 /* ViewController.m in Sources */,
				0F31FAC21CB0192C005C5DE0 /* AppDelegate.m in Sources */,
				0F31FABF1CB0192C005C5DE0 /* main.m in Sources */,
				0F31FAE21CB11F7E005C5DE0 /* MYInfiniteScrollView.m in Sources */,
			);
			runOnlyForDeploymentPostprocessing = 0;
		};
/* End PBXSourcesBuildPhase section */

/* Begin PBXVariantGroup section */
		0F31FAC61CB0192C005C5DE0 /* Main.storyboard */ = {
			isa = PBXVariantGroup;
			children = (
				0F31FAC71CB0192C005C5DE0 /* Base */,
			);
			name = Main.storyboard;
			sourceTree = "<group>";
		};
		0F31FACB1CB0192C005C5DE0 /* LaunchScreen.storyboard */ = {
			isa = PBXVariantGroup;
			children = (
				0F31FACC1CB0192C005C5DE0 /* Base */,
			);
			name = LaunchScreen.storyboard;
			sourceTree = "<group>";
		};
/* End PBXVariantGroup section */

/* Begin XCBuildConfiguration section */
		0F31FACF1CB0192C005C5DE0 /* Debug */ = {
			isa = XCBuildConfiguration;
			buildSettings = {
				ALWAYS_SEARCH_USER_PATHS = NO;
				CLANG_CXX_LANGUAGE_STANDARD = "gnu++0x";
				CLANG_CXX_LIBRARY = "libc++";
				CLANG_ENABLE_MODULES = YES;
				CLANG_ENABLE_OBJC_ARC = YES;
				CLANG_WARN_BOOL_CONVERSION = YES;
				CLANG_WARN_CONSTANT_CONVERSION = YES;
				CLANG_WARN_DIRECT_OBJC_ISA_USAGE = YES_ERROR;
				CLANG_WARN_EMPTY_BODY = YES;
				CLANG_WARN_ENUM_CONVERSION = YES;
				CLANG_WARN_INT_CONVERSION = YES;
				CLANG_WARN_OBJC_ROOT_CLASS = YES_ERROR;
				CLANG_WARN_UNREACHABLE_CODE = YES;
				CLANG_WARN__DUPLICATE_METHOD_MATCH = YES;
				"CODE_SIGN_IDENTITY[sdk=iphoneos*]" = "iPhone Developer";
				COPY_PHASE_STRIP = NO;
				DEBUG_INFORMATION_FORMAT = dwarf;
				ENABLE_STRICT_OBJC_MSGSEND = YES;
				ENABLE_TESTABILITY = YES;
				GCC_C_LANGUAGE_STANDARD = gnu99;
				GCC_DYNAMIC_NO_PIC = NO;
				GCC_NO_COMMON_BLOCKS = YES;
				GCC_OPTIMIZATION_LEVEL = 0;
				GCC_PREPROCESSOR_DEFINITIONS = (
					"DEBUG=1",
					"$(inherited)",
				);
				GCC_WARN_64_TO_32_BIT_CONVERSION = YES;
				GCC_WARN_ABOUT_RETURN_TYPE = YES_ERROR;
				GCC_WARN_UNDECLARED_SELECTOR = YES;
				GCC_WARN_UNINITIALIZED_AUTOS = YES_AGGRESSIVE;
				GCC_WARN_UNUSED_FUNCTION = YES;
				GCC_WARN_UNUSED_VARIABLE = YES;
				IPHONEOS_DEPLOYMENT_TARGET = 9.2;
				MTL_ENABLE_DEBUG_INFO = YES;
				ONLY_ACTIVE_ARCH = YES;
				SDKROOT = iphoneos;
			};
			name = Debug;
		};
		0F31FAD01CB0192C005C5DE0 /* Release */ = {
			isa = XCBuildConfiguration;
			buildSettings = {
				ALWAYS_SEARCH_USER_PATHS = NO;
				CLANG_CXX_LANGUAGE_STANDARD = "gnu++0x";
				CLANG_CXX_LIBRARY = "libc++";
				CLANG_ENABLE_MODULES = YES;
				CLANG_ENABLE_OBJC_ARC = YES;
				CLANG_WARN_BOOL_CONVERSION = YES;
				CLANG_WARN_CONSTANT_CONVERSION = YES;
				CLANG_WARN_DIRECT_OBJC_ISA_USAGE = YES_ERROR;
				CLANG_WARN_EMPTY_BODY = YES;
				CLANG_WARN_ENUM_CONVERSION = YES;
				CLANG_WARN_INT_CONVERSION = YES;
				CLANG_WARN_OBJC_ROOT_CLASS = YES_ERROR;
				CLANG_WARN_UNREACHABLE_CODE = YES;
				CLANG_WARN__DUPLICATE_METHOD_MATCH = YES;
				"CODE_SIGN_IDENTITY[sdk=iphoneos*]" = "iPhone Developer";
				COPY_PHASE_STRIP = NO;
				DEBUG_INFORMATION_FORMAT = "dwarf-with-dsym";
				ENABLE_NS_ASSERTIONS = NO;
				ENABLE_STRICT_OBJC_MSGSEND = YES;
				GCC_C_LANGUAGE_STANDARD = gnu99;
				GCC_NO_COMMON_BLOCKS = YES;
				GCC_WARN_64_TO_32_BIT_CONVERSION = YES;
				GCC_WARN_ABOUT_RETURN_TYPE = YES_ERROR;
				GCC_WARN_UNDECLARED_SELECTOR = YES;
				GCC_WARN_UNINITIALIZED_AUTOS = YES_AGGRESSIVE;
				GCC_WARN_UNUSED_FUNCTION = YES;
				GCC_WARN_UNUSED_VARIABLE = YES;
				IPHONEOS_DEPLOYMENT_TARGET = 9.2;
				MTL_ENABLE_DEBUG_INFO = NO;
				SDKROOT = iphoneos;
				VALIDATE_PRODUCT = YES;
			};
			name = Release;
		};
		0F31FAD21CB0192C005C5DE0 /* Debug */ = {
			isa = XCBuildConfiguration;
			buildSettings = {
				ASSETCATALOG_COMPILER_APPICON_NAME = AppIcon;
				INFOPLIST_FILE = "无限滚动(UIScrollView)/Info.plist";
				LD_RUNPATH_SEARCH_PATHS = "$(inherited) @executable_path/Frameworks";
				PRODUCT_BUNDLE_IDENTIFIER = "com.my.it.-----UIScrollView-";
				PRODUCT_NAME = "$(TARGET_NAME)";
			};
			name = Debug;
		};
		0F31FAD31CB0192C005C5DE0 /* Release */ = {
			isa = XCBuildConfiguration;
			buildSettings = {
				ASSETCATALOG_COMPILER_APPICON_NAME = AppIcon;
				INFOPLIST_FILE = "无限滚动(UIScrollView)/Info.plist";
				LD_RUNPATH_SEARCH_PATHS = "$(inherited) @executable_path/Frameworks";
				PRODUCT_BUNDLE_IDENTIFIER = "com.my.it.-----UIScrollView-";
				PRODUCT_NAME = "$(TARGET_NAME)";
			};
			name = Release;
		};
/* End XCBuildConfiguration section */

/* Begin XCConfigurationList section */
		0F31FAB51CB0192C005C5DE0 /* Build configuration list for PBXProject "无限滚动(UIScrollView)" */ = {
			isa = XCConfigurationList;
			buildConfigurations = (
				0F31FACF1CB0192C005C5DE0 /* Debug */,
				0F31FAD01CB0192C005C5DE0 /* Release */,
			);
			defaultConfigurationIsVisible = 0;
			defaultConfigurationName = Release;
		};
		0F31FAD11CB0192C005C5DE0 /* Build configuration list for PBXNativeTarget "无限滚动(UIScrollView)" */ = {
			isa = XCConfigurationList;
			buildConfigurations = (
				0F31FAD21CB0192C005C5DE0 /* Debug */,
				0F31FAD31CB0192C005C5DE0 /* Release */,
			);
			defaultConfigurationIsVisible = 0;
			defaultConfigurationName = Release;
		};
/* End XCConfigurationList section */
	};
	rootObject = 0F31FAB21CB0192C005C5DE0 /* Project object */;
}
